{
  "name": "y",
  "version": "1.0.0",
  "lockfileVersion": 1,
  "requires": true,
  "dependencies": {
    "@alicloud/pop-core": {
      "version": "1.7.13",
      "resolved": "https://registry.npmmirror.com/@alicloud/pop-core/-/pop-core-1.7.13.tgz",
      "integrity": "sha512-agzr4DU+aAGW7/2mp2hP1JcNJkn/zBS0jUGQt5etIASN0MVq1tMdudVqvWbExUG0mUouo/n2VgdnjOHjswvrlA==",
      "requires": {
        "debug": "^3.1.0",
        "httpx": "^2.1.2",
        "json-bigint": "^1.0.0",
        "kitx": "^1.2.1",
        "xml2js": "^0.5.0"
      }
    },
    "@types/node": {
      "version": "20.14.10",
      "resolved": "https://registry.npmmirror.com/@types/node/-/node-20.14.10.tgz",
      "integrity": "sha512-MdiXf+nDuMvY0gJKxyfZ7/6UFsETO7mGKF54MVD/ekJS6HdFtpZFBgrh6Pseu64XTb2MLyFPlbW6hj8HYRQNOQ==",
      "requires": {
        "undici-types": "~5.26.4"
      }
    },
    "alibabacloud-nls": {
      "version": "1.0.4",
      "resolved": "https://registry.npmmirror.com/alibabacloud-nls/-/alibabacloud-nls-1.0.4.tgz",
      "integrity": "sha512-hS+uXG9NrKOvX8UFPrQ+AS3pB2oQMnMgyinjVCE9etTjN+FJGb+F0mXw1tfOVK2o8aEln7m+p9ToroSMhL92lQ==",
      "requires": {
        "@alicloud/pop-core": "^1.7.10",
        "alibabacloud-nls": "^1.0.3",
        "bufferutil": "^4.0.6",
        "log-timestamp": "^0.3.0",
        "rimraf": "^3.0.2",
        "utf-8-validate": "^5.0.8",
        "uuid": "^8.3.2",
        "ws": "^8.4.0"
      }
    },
    "balanced-match": {
      "version": "1.0.2",
      "resolved": "https://registry.npmmirror.com/balanced-match/-/balanced-match-1.0.2.tgz",
      "integrity": "sha512-3oSeUO0TMV67hN1AmbXsK4yaqU7tjiHlbxRDZOpH0KW9+CeX4bRAaX0Anxt0tx2MrpRpWwQaPwIlISEJhYU5Pw=="
    },
    "bignumber.js": {
      "version": "9.1.2",
      "resolved": "https://registry.npmmirror.com/bignumber.js/-/bignumber.js-9.1.2.tgz",
      "integrity": "sha512-2/mKyZH9K85bzOEfhXDBFZTGd1CTs+5IHpeFQo9luiBG7hghdC851Pj2WAhb6E3R6b9tZj/XKhbg4fum+Kepug=="
    },
    "brace-expansion": {
      "version": "1.1.11",
      "resolved": "https://registry.npmmirror.com/brace-expansion/-/brace-expansion-1.1.11.tgz",
      "integrity": "sha512-iCuPHDFgrHX7H2vEI/5xpz07zSHB00TpugqhmYtVmMO6518mCuRMoOYFldEBl0g187ufozdaHgWKcYFb61qGiA==",
      "requires": {
        "balanced-match": "^1.0.0",
        "concat-map": "0.0.1"
      }
    },
    "bufferutil": {
      "version": "4.0.8",
      "resolved": "https://registry.npmmirror.com/bufferutil/-/bufferutil-4.0.8.tgz",
      "integrity": "sha512-4T53u4PdgsXqKaIctwF8ifXlRTTmEPJ8iEPWFdGZvcf7sbwYo6FKFEX9eNNAnzFZ7EzJAQ3CJeOtCRA4rDp7Pw==",
      "optional": true,
      "requires": {
        "node-gyp-build": "^4.3.0"
      }
    },
    "concat-map": {
      "version": "0.0.1",
      "resolved": "https://registry.npmmirror.com/concat-map/-/concat-map-0.0.1.tgz",
      "integrity": "sha512-/Srv4dswyQNBfohGpz9o6Yb3Gz3SrUDqBH5rTuhGR7ahtlbYKnVxw2bCFMRljaA7EXHaXZ8wsHdodFvbkhKmqg=="
    },
    "debug": {
      "version": "3.2.7",
      "resolved": "https://registry.npmmirror.com/debug/-/debug-3.2.7.tgz",
      "integrity": "sha512-CFjzYYAi4ThfiQvizrFQevTTXHtnCqWfe7x1AhgEscTz6ZbLbfoLRLPugTQyBth6f8ZERVUSyWHFD/7Wu4t1XQ==",
      "requires": {
        "ms": "^2.1.1"
      }
    },
    "fs.realpath": {
      "version": "1.0.0",
      "resolved": "https://registry.npmmirror.com/fs.realpath/-/fs.realpath-1.0.0.tgz",
      "integrity": "sha512-OO0pH2lK6a0hZnAdau5ItzHPI6pUlvI7jMVnxUQRtw4owF2wk8lOSabtGDCTP4Ggrg2MbGnWO9X8K1t4+fGMDw=="
    },
    "glob": {
      "version": "7.2.3",
      "resolved": "https://registry.npmmirror.com/glob/-/glob-7.2.3.tgz",
      "integrity": "sha512-nFR0zLpU2YCaRxwoCJvL6UvCH2JFyFVIvwTLsIf21AuHlMskA1hhTdk+LlYJtOlYt9v6dvszD2BGRqBL+iQK9Q==",
      "requires": {
        "fs.realpath": "^1.0.0",
        "inflight": "^1.0.4",
        "inherits": "2",
        "minimatch": "^3.1.1",
        "once": "^1.3.0",
        "path-is-absolute": "^1.0.0"
      }
    },
    "httpx": {
      "version": "2.3.2",
      "resolved": "https://registry.npmmirror.com/httpx/-/httpx-2.3.2.tgz",
      "integrity": "sha512-ZG7QArW/BB/opy+XVp/zSJYdiPD9FTmPb3VfMnPdAknKFJq2OiIXS9D4oBeDJvWnZnJAzXDy9J/JKATXkJ7qlw==",
      "requires": {
        "@types/node": "^20",
        "debug": "^4.1.1"
      },
      "dependencies": {
        "debug": {
          "version": "4.3.5",
          "resolved": "https://registry.npmmirror.com/debug/-/debug-4.3.5.tgz",
          "integrity": "sha512-pt0bNEmneDIvdL1Xsd9oDQ/wrQRkXDT4AUWlNZNPKvW5x/jyO9VFXkJUP07vQ2upmw5PlaITaPKc31jK13V+jg==",
          "requires": {
            "ms": "2.1.2"
          }
        },
        "ms": {
          "version": "2.1.2",
          "resolved": "https://registry.npmmirror.com/ms/-/ms-2.1.2.tgz",
          "integrity": "sha512-sGkPx+VjMtmA6MX27oA4FBFELFCZZ4S4XqeGOXCv68tT+jb3vk/RyaKWP0PTKyWtmLSM0b+adUTEvbs1PEaH2w=="
        }
      }
    },
    "inflight": {
      "version": "1.0.6",
      "resolved": "https://registry.npmmirror.com/inflight/-/inflight-1.0.6.tgz",
      "integrity": "sha512-k92I/b08q4wvFscXCLvqfsHCrjrF7yiXsQuIVvVE7N82W3+aqpzuUdBbfhWcy/FZR3/4IgflMgKLOsvPDrGCJA==",
      "requires": {
        "once": "^1.3.0",
        "wrappy": "1"
      }
    },
    "inherits": {
      "version": "2.0.4",
      "resolved": "https://registry.npmmirror.com/inherits/-/inherits-2.0.4.tgz",
      "integrity": "sha512-k/vGaX4/Yla3WzyMCvTQOXYeIHvqOKtnqBduzTHpzpQZzAskKMhZ2K+EnBiSM9zGSoIFeMpXKxa4dYeZIQqewQ=="
    },
    "json-bigint": {
      "version": "1.0.0",
      "resolved": "https://registry.npmmirror.com/json-bigint/-/json-bigint-1.0.0.tgz",
      "integrity": "sha512-SiPv/8VpZuWbvLSMtTDU8hEfrZWg/mH/nV/b4o0CYbSxu1UIQPLdwKOCIyLQX+VIPO5vrLX3i8qtqFyhdPSUSQ==",
      "requires": {
        "bignumber.js": "^9.0.0"
      }
    },
    "kitx": {
      "version": "1.3.0",
      "resolved": "https://registry.npmmirror.com/kitx/-/kitx-1.3.0.tgz",
      "integrity": "sha512-fhBqFlXd0GkKTB+8ayLfpzPUw+LHxZlPAukPNBD1Om7JMeInT+/PxCAf1yLagvD+VKoyWhXtJR68xQkX/a0wOQ=="
    },
    "log-prefix": {
      "version": "0.1.1",
      "resolved": "https://registry.npmmirror.com/log-prefix/-/log-prefix-0.1.1.tgz",
      "integrity": "sha512-aP1Lst8OCdZKATqzXDN0JBissNVZuiKLyo6hOXDBxaQ1jHDsaxh2J1i5Pp0zMy6ayTKDWfUlLMXyLaQe1PJ48g=="
    },
    "log-timestamp": {
      "version": "0.3.0",
      "resolved": "https://registry.npmmirror.com/log-timestamp/-/log-timestamp-0.3.0.tgz",
      "integrity": "sha512-luRz6soxijd1aJh0GkLXFjKABihxthvTfWTzu3XhCgg5EivG2bsTpSd63QFbUgS+/KmFtL+0RfSpeaD2QvOV8Q==",
      "requires": {
        "log-prefix": "0.1.1"
      }
    },
    "minimatch": {
      "version": "3.1.2",
      "resolved": "https://registry.npmmirror.com/minimatch/-/minimatch-3.1.2.tgz",
      "integrity": "sha512-J7p63hRiAjw1NDEww1W7i37+ByIrOWO5XQQAzZ3VOcL0PNybwpfmV/N05zFAzwQ9USyEcX6t3UO+K5aqBQOIHw==",
      "requires": {
        "brace-expansion": "^1.1.7"
      }
    },
    "ms": {
      "version": "2.1.3",
      "resolved": "https://registry.npmmirror.com/ms/-/ms-2.1.3.tgz",
      "integrity": "sha512-6FlzubTLZG3J2a/NVCAleEhjzq5oxgHyaCU9yYXvcLsvoVaHJq/s5xXI6/XXP6tz7R9xAOtHnSO/tXtF3WRTlA=="
    },
    "node-gyp-build": {
      "version": "4.8.1",
      "resolved": "https://registry.npmmirror.com/node-gyp-build/-/node-gyp-build-4.8.1.tgz",
      "integrity": "sha512-OSs33Z9yWr148JZcbZd5WiAXhh/n9z8TxQcdMhIOlpN9AhWpLfvVFO73+m77bBABQMaY9XSvIa+qk0jlI7Gcaw==",
      "optional": true
    },
    "once": {
      "version": "1.4.0",
      "resolved": "https://registry.npmmirror.com/once/-/once-1.4.0.tgz",
      "integrity": "sha512-lNaJgI+2Q5URQBkccEKHTQOPaXdUxnZZElQTZY0MFUAuaEqe1E+Nyvgdz/aIyNi6Z9MzO5dv1H8n58/GELp3+w==",
      "requires": {
        "wrappy": "1"
      }
    },
    "path-is-absolute": {
      "version": "1.0.1",
      "resolved": "https://registry.npmmirror.com/path-is-absolute/-/path-is-absolute-1.0.1.tgz",
      "integrity": "sha512-AVbw3UJ2e9bq64vSaS9Am0fje1Pa8pbGqTTsmXfaIiMpnr5DlDhfJOuLj9Sf95ZPVDAUerDfEk88MPmPe7UCQg=="
    },
    "rimraf": {
      "version": "3.0.2",
      "resolved": "https://registry.npmmirror.com/rimraf/-/rimraf-3.0.2.tgz",
      "integrity": "sha512-JZkJMZkAGFFPP2YqXZXPbMlMBgsxzE8ILs4lMIX/2o0L9UBw9O/Y3o6wFw/i9YLapcUJWwqbi3kdxIPdC62TIA==",
      "requires": {
        "glob": "^7.1.3"
      }
    },
    "sax": {
      "version": "1.4.1",
      "resolved": "https://registry.npmmirror.com/sax/-/sax-1.4.1.tgz",
      "integrity": "sha512-+aWOz7yVScEGoKNd4PA10LZ8sk0A/z5+nXQG5giUO5rprX9jgYsTdov9qCchZiPIZezbZH+jRut8nPodFAX4Jg=="
    },
    "undici-types": {
      "version": "5.26.5",
      "resolved": "https://registry.npmmirror.com/undici-types/-/undici-types-5.26.5.tgz",
      "integrity": "sha512-JlCMO+ehdEIKqlFxk6IfVoAUVmgz7cU7zD/h9XZ0qzeosSHmUJVOzSQvvYSYWXkFXC+IfLKSIffhv0sVZup6pA=="
    },
    "utf-8-validate": {
      "version": "5.0.10",
      "resolved": "https://registry.npmmirror.com/utf-8-validate/-/utf-8-validate-5.0.10.tgz",
      "integrity": "sha512-Z6czzLq4u8fPOyx7TU6X3dvUZVvoJmxSQ+IcrlmagKhilxlhZgxPK6C5Jqbkw1IDUmFTM+cz9QDnnLTwDz/2gQ==",
      "optional": true,
      "requires": {
        "node-gyp-build": "^4.3.0"
      }
    },
    "uuid": {
      "version": "8.3.2",
      "resolved": "https://registry.npmmirror.com/uuid/-/uuid-8.3.2.tgz",
      "integrity": "sha512-+NYs2QeMWy+GWFOEm9xnn6HCDp0l7QBD7ml8zLUmJ+93Q5NF0NocErnwkTkXVFNiX3/fpC6afS8Dhb/gz7R7eg=="
    },
    "wrappy": {
      "version": "1.0.2",
      "resolved": "https://registry.npmmirror.com/wrappy/-/wrappy-1.0.2.tgz",
      "integrity": "sha512-l4Sp/DRseor9wL6EvV2+TuQn63dMkPjZ/sp9XkghTEbV9KlPS1xUsZ3u7/IQO4wxtcFB4bgpQPRcR3QCvezPcQ=="
    },
    "ws": {
      "version": "8.18.0",
      "resolved": "https://registry.npmmirror.com/ws/-/ws-8.18.0.tgz",
      "integrity": "sha512-8VbfWfHLbbwu3+N6OKsOMpBdT4kXPDDB9cJk2bJ6mh9ucxdlnNvH1e+roYkKmN9Nxw2yjz7VzeO9oOz2zJ04Pw=="
    },
    "xml2js": {
      "version": "0.5.0",
      "resolved": "https://registry.npmmirror.com/xml2js/-/xml2js-0.5.0.tgz",
      "integrity": "sha512-drPFnkQJik/O+uPKpqSgr22mpuFHqKdbS835iAQrUC73L2F5WkboIRd63ai/2Yg6I1jzifPFKH2NTK+cfglkIA==",
      "requires": {
        "sax": ">=0.6.0",
        "xmlbuilder": "~11.0.0"
      }
    },
    "xmlbuilder": {
      "version": "11.0.1",
      "resolved": "https://registry.npmmirror.com/xmlbuilder/-/xmlbuilder-11.0.1.tgz",
      "integrity": "sha512-fDlsI/kFEx7gLvbecc0/ohLG50fugQp8ryHzMTuW9vSa1GJ0XYWKnhsUx7oie3G98+r56aTQIUB4kht42R3JvA=="
    }
  }
}
